
Microsoft Visual Studio Solution File, Format Version 12.00
# Visual Studio Version 17
VisualStudioVersion = 17.5.002.0
MinimumVisualStudioVersion = 10.0.40219.1
Project("{9A19103F-16F7-4668-BE54-9A1E7A4F7556}") = "Seminar1_HW1_minmax", "Seminar1_HW1_minmax\Seminar1_HW1_minmax.csproj", "{DA56870C-214D-4676-9DA1-13E2C70BA7FB}"
EndProject
Project("{9A19103F-16F7-4668-BE54-9A1E7A4F7556}") = "Seminar1_HW2_ThreeNumbers", "Seminar1_HW2_ThreeNumbers\Seminar1_HW2_ThreeNumbers.csproj", "{0595E7ED-1744-44E8-8A04-58B485E8AF68}"
EndProject
Project("{9A19103F-16F7-4668-BE54-9A1E7A4F7556}") = "Seminar1_HW3_", "Seminar1_HW3_\Seminar1_HW3_.csproj", "{25361D1D-588A-4735-8EDE-02D397496D0C}"
EndProject
Project("{9A19103F-16F7-4668-BE54-9A1E7A4F7556}") = "Seminar1_HW4_evenNumber", "Seminar1_HW4_evenNumber\Seminar1_HW4_evenNumber.csproj", "{312EF53F-9D60-4A4C-9D52-B2D3C9D06769}"
EndProject
Project("{9A19103F-16F7-4668-BE54-9A1E7A4F7556}") = "Seminar2_HW1", "Seminar2_HW1\Seminar2_HW1.csproj", "{DB871FC8-7FAE-4DB0-9671-968265CAA07F}"
EndProject
Project("{9A19103F-16F7-4668-BE54-9A1E7A4F7556}") = "Seminar2_HW2", "Seminar2_HW2\Seminar2_HW2.csproj", "{8CDC7124-F386-4365-8784-E2C2505005B9}"
EndProject
Project("{9A19103F-16F7-4668-BE54-9A1E7A4F7556}") = "Seminar2_HW3", "Seminar2_HW3\Seminar2_HW3.csproj", "{856D7B2D-1FEF-435B-B6DA-0AE0D0F80559}"
EndProject
Project("{9A19103F-16F7-4668-BE54-9A1E7A4F7556}") = "Seminar3_HW1Палиндром", "Seminar3_HW1Палиндром\Seminar3_HW1Палиндром.csproj", "{3B52655D-153A-4F9D-A796-30BE968DC22A}"
EndProject
Project("{9A19103F-16F7-4668-BE54-9A1E7A4F7556}") = "Seminar3_HW2_точки_в_3D", "Seminar3_HW2_точки_в_3D\Seminar3_HW2_точки_в_3D.csproj", "{CC8265F7-B00A-4467-891D-A924E828CE3B}"
EndProject
Project("{9A19103F-16F7-4668-BE54-9A1E7A4F7556}") = "Seminar3_HW3", "Seminar3_HW3\Seminar3_HW3.csproj", "{BF760CB9-A298-40C2-910C-B73FC1EF20F1}"
EndProject
Project("{9A19103F-16F7-4668-BE54-9A1E7A4F7556}") = "Seminar4_HW_25", "Seminar4_HW_25\Seminar4_HW_25.csproj", "{D095EAEE-5020-4F11-8755-2161930CE594}"
EndProject
Project("{9A19103F-16F7-4668-BE54-9A1E7A4F7556}") = "Seminar4_HW_27", "Seminar4_HW_27\Seminar4_HW_27.csproj", "{15726551-711E-4BA6-AC39-A4702DF1B62D}"
EndProject
Project("{9A19103F-16F7-4668-BE54-9A1E7A4F7556}") = "Seminar4_HW_29", "Seminar4_HW_29\Seminar4_HW_29.csproj", "{0C551EAF-359B-41DB-91B0-0C49404E060E}"
EndProject
Project("{9A19103F-16F7-4668-BE54-9A1E7A4F7556}") = "Seminar5_HW_34", "Seminar5_HW_34\Seminar5_HW_34.csproj", "{819A9CE9-855B-4D7D-AEC7-1D33C76207AA}"
EndProject
Project("{9A19103F-16F7-4668-BE54-9A1E7A4F7556}") = "Seminar5_HW_36", "Seminar5_HW_36\Seminar5_HW_36.csproj", "{C468A556-417F-4445-AC72-1C7D54B985EB}"
EndProject
Project("{9A19103F-16F7-4668-BE54-9A1E7A4F7556}") = "Seminar5_HW_38", "Seminar5_HW_38\Seminar5_HW_38.csproj", "{28525611-A7A4-4AD3-B78E-544964AEEF1B}"
EndProject
Project("{9A19103F-16F7-4668-BE54-9A1E7A4F7556}") = "Seminar5_HW_38_2", "Seminar5_HW_38_2\Seminar5_HW_38_2.csproj", "{47109D5B-E376-4CAB-BB81-AB7A55BF85C6}"
EndProject
Project("{9A19103F-16F7-4668-BE54-9A1E7A4F7556}") = "Seminar6_HW_41", "Seminar6_HW_41\Seminar6_HW_41.csproj", "{C7030DA3-A071-4C8B-BD88-E13604E48926}"
EndProject
Project("{9A19103F-16F7-4668-BE54-9A1E7A4F7556}") = "Seminar6_HW_43", "Seminar6_HW_43\Seminar6_HW_43.csproj", "{0F3BF8A2-2638-4FEE-818E-84678BDA8904}"
EndProject
Project("{9A19103F-16F7-4668-BE54-9A1E7A4F7556}") = "Seminar7_HW_47", "Seminar7_HW_47\Seminar7_HW_47.csproj", "{5A618913-F06D-4A48-A4EE-FB5BC9CEC8B7}"
EndProject
Project("{9A19103F-16F7-4668-BE54-9A1E7A4F7556}") = "Seminar7_HW_50", "Seminar7_HW_50\Seminar7_HW_50.csproj", "{48039EE8-64BF-4C7B-9470-6F8AB0C82213}"
EndProject
Project("{9A19103F-16F7-4668-BE54-9A1E7A4F7556}") = "Seminar7_HW_52", "Seminar7_HW_52\Seminar7_HW_52.csproj", "{1FEE32AD-045F-4E7A-900B-2163CE025AE6}"
EndProject
Project("{9A19103F-16F7-4668-BE54-9A1E7A4F7556}") = "Seminar8_HW_54", "Seminar8_HW_54\Seminar8_HW_54.csproj", "{9200A8D8-1E8D-4FDE-943C-900C08257FBF}"
EndProject
Project("{9A19103F-16F7-4668-BE54-9A1E7A4F7556}") = "Seminar8_HW_56", "Seminar8_HW_56\Seminar8_HW_56.csproj", "{FD023A05-818A-4BCE-850F-7B24641EF3DB}"
EndProject
Project("{9A19103F-16F7-4668-BE54-9A1E7A4F7556}") = "Seminar8_HW_58", "Seminar8_HW_58\Seminar8_HW_58.csproj", "{9AE5E401-82EC-4C21-8B45-E92680EC5C82}"
EndProject
Project("{9A19103F-16F7-4668-BE54-9A1E7A4F7556}") = "Seminar8_HW_60", "Seminar8_HW_60\Seminar8_HW_60.csproj", "{59E9B415-F2A5-4F4A-B0E6-5B2A73299CF9}"
EndProject
Project("{9A19103F-16F7-4668-BE54-9A1E7A4F7556}") = "Seminar8_HW_62", "Seminar8_HW_62\Seminar8_HW_62.csproj", "{26364AFD-2E59-4643-BEF8-DD72F213E4F5}"
EndProject
Project("{9A19103F-16F7-4668-BE54-9A1E7A4F7556}") = "Seminar9_HW_64", "Seminar9_HW_64\Seminar9_HW_64.csproj", "{B8FAF36D-BF26-4877-8E45-AEA60082909E}"
EndProject
Global
	GlobalSection(SolutionConfigurationPlatforms) = preSolution
		Debug|Any CPU = Debug|Any CPU
		Release|Any CPU = Release|Any CPU
	EndGlobalSection
	GlobalSection(ProjectConfigurationPlatforms) = postSolution
		{DA56870C-214D-4676-9DA1-13E2C70BA7FB}.Debug|Any CPU.ActiveCfg = Debug|Any CPU
		{DA56870C-214D-4676-9DA1-13E2C70BA7FB}.Debug|Any CPU.Build.0 = Debug|Any CPU
		{DA56870C-214D-4676-9DA1-13E2C70BA7FB}.Release|Any CPU.ActiveCfg = Release|Any CPU
		{DA56870C-214D-4676-9DA1-13E2C70BA7FB}.Release|Any CPU.Build.0 = Release|Any CPU
		{0595E7ED-1744-44E8-8A04-58B485E8AF68}.Debug|Any CPU.ActiveCfg = Debug|Any CPU
		{0595E7ED-1744-44E8-8A04-58B485E8AF68}.Debug|Any CPU.Build.0 = Debug|Any CPU
		{0595E7ED-1744-44E8-8A04-58B485E8AF68}.Release|Any CPU.ActiveCfg = Release|Any CPU
		{0595E7ED-1744-44E8-8A04-58B485E8AF68}.Release|Any CPU.Build.0 = Release|Any CPU
		{25361D1D-588A-4735-8EDE-02D397496D0C}.Debug|Any CPU.ActiveCfg = Debug|Any CPU
		{25361D1D-588A-4735-8EDE-02D397496D0C}.Debug|Any CPU.Build.0 = Debug|Any CPU
		{25361D1D-588A-4735-8EDE-02D397496D0C}.Release|Any CPU.ActiveCfg = Release|Any CPU
		{25361D1D-588A-4735-8EDE-02D397496D0C}.Release|Any CPU.Build.0 = Release|Any CPU
		{312EF53F-9D60-4A4C-9D52-B2D3C9D06769}.Debug|Any CPU.ActiveCfg = Debug|Any CPU
		{312EF53F-9D60-4A4C-9D52-B2D3C9D06769}.Debug|Any CPU.Build.0 = Debug|Any CPU
		{312EF53F-9D60-4A4C-9D52-B2D3C9D06769}.Release|Any CPU.ActiveCfg = Release|Any CPU
		{312EF53F-9D60-4A4C-9D52-B2D3C9D06769}.Release|Any CPU.Build.0 = Release|Any CPU
		{DB871FC8-7FAE-4DB0-9671-968265CAA07F}.Debug|Any CPU.ActiveCfg = Debug|Any CPU
		{DB871FC8-7FAE-4DB0-9671-968265CAA07F}.Debug|Any CPU.Build.0 = Debug|Any CPU
		{DB871FC8-7FAE-4DB0-9671-968265CAA07F}.Release|Any CPU.ActiveCfg = Release|Any CPU
		{DB871FC8-7FAE-4DB0-9671-968265CAA07F}.Release|Any CPU.Build.0 = Release|Any CPU
		{8CDC7124-F386-4365-8784-E2C2505005B9}.Debug|Any CPU.ActiveCfg = Debug|Any CPU
		{8CDC7124-F386-4365-8784-E2C2505005B9}.Debug|Any CPU.Build.0 = Debug|Any CPU
		{8CDC7124-F386-4365-8784-E2C2505005B9}.Release|Any CPU.ActiveCfg = Release|Any CPU
		{8CDC7124-F386-4365-8784-E2C2505005B9}.Release|Any CPU.Build.0 = Release|Any CPU
		{856D7B2D-1FEF-435B-B6DA-0AE0D0F80559}.Debug|Any CPU.ActiveCfg = Debug|Any CPU
		{856D7B2D-1FEF-435B-B6DA-0AE0D0F80559}.Debug|Any CPU.Build.0 = Debug|Any CPU
		{856D7B2D-1FEF-435B-B6DA-0AE0D0F80559}.Release|Any CPU.ActiveCfg = Release|Any CPU
		{856D7B2D-1FEF-435B-B6DA-0AE0D0F80559}.Release|Any CPU.Build.0 = Release|Any CPU
		{3B52655D-153A-4F9D-A796-30BE968DC22A}.Debug|Any CPU.ActiveCfg = Debug|Any CPU
		{3B52655D-153A-4F9D-A796-30BE968DC22A}.Debug|Any CPU.Build.0 = Debug|Any CPU
		{3B52655D-153A-4F9D-A796-30BE968DC22A}.Release|Any CPU.ActiveCfg = Release|Any CPU
		{3B52655D-153A-4F9D-A796-30BE968DC22A}.Release|Any CPU.Build.0 = Release|Any CPU
		{CC8265F7-B00A-4467-891D-A924E828CE3B}.Debug|Any CPU.ActiveCfg = Debug|Any CPU
		{CC8265F7-B00A-4467-891D-A924E828CE3B}.Debug|Any CPU.Build.0 = Debug|Any CPU
		{CC8265F7-B00A-4467-891D-A924E828CE3B}.Release|Any CPU.ActiveCfg = Release|Any CPU
		{CC8265F7-B00A-4467-891D-A924E828CE3B}.Release|Any CPU.Build.0 = Release|Any CPU
		{BF760CB9-A298-40C2-910C-B73FC1EF20F1}.Debug|Any CPU.ActiveCfg = Debug|Any CPU
		{BF760CB9-A298-40C2-910C-B73FC1EF20F1}.Debug|Any CPU.Build.0 = Debug|Any CPU
		{BF760CB9-A298-40C2-910C-B73FC1EF20F1}.Release|Any CPU.ActiveCfg = Release|Any CPU
		{BF760CB9-A298-40C2-910C-B73FC1EF20F1}.Release|Any CPU.Build.0 = Release|Any CPU
		{D095EAEE-5020-4F11-8755-2161930CE594}.Debug|Any CPU.ActiveCfg = Debug|Any CPU
		{D095EAEE-5020-4F11-8755-2161930CE594}.Debug|Any CPU.Build.0 = Debug|Any CPU
		{D095EAEE-5020-4F11-8755-2161930CE594}.Release|Any CPU.ActiveCfg = Release|Any CPU
		{D095EAEE-5020-4F11-8755-2161930CE594}.Release|Any CPU.Build.0 = Release|Any CPU
		{15726551-711E-4BA6-AC39-A4702DF1B62D}.Debug|Any CPU.ActiveCfg = Debug|Any CPU
		{15726551-711E-4BA6-AC39-A4702DF1B62D}.Debug|Any CPU.Build.0 = Debug|Any CPU
		{15726551-711E-4BA6-AC39-A4702DF1B62D}.Release|Any CPU.ActiveCfg = Release|Any CPU
		{15726551-711E-4BA6-AC39-A4702DF1B62D}.Release|Any CPU.Build.0 = Release|Any CPU
		{0C551EAF-359B-41DB-91B0-0C49404E060E}.Debug|Any CPU.ActiveCfg = Debug|Any CPU
		{0C551EAF-359B-41DB-91B0-0C49404E060E}.Debug|Any CPU.Build.0 = Debug|Any CPU
		{0C551EAF-359B-41DB-91B0-0C49404E060E}.Release|Any CPU.ActiveCfg = Release|Any CPU
		{0C551EAF-359B-41DB-91B0-0C49404E060E}.Release|Any CPU.Build.0 = Release|Any CPU
		{819A9CE9-855B-4D7D-AEC7-1D33C76207AA}.Debug|Any CPU.ActiveCfg = Debug|Any CPU
		{819A9CE9-855B-4D7D-AEC7-1D33C76207AA}.Debug|Any CPU.Build.0 = Debug|Any CPU
		{819A9CE9-855B-4D7D-AEC7-1D33C76207AA}.Release|Any CPU.ActiveCfg = Release|Any CPU
		{819A9CE9-855B-4D7D-AEC7-1D33C76207AA}.Release|Any CPU.Build.0 = Release|Any CPU
		{C468A556-417F-4445-AC72-1C7D54B985EB}.Debug|Any CPU.ActiveCfg = Debug|Any CPU
		{C468A556-417F-4445-AC72-1C7D54B985EB}.Debug|Any CPU.Build.0 = Debug|Any CPU
		{C468A556-417F-4445-AC72-1C7D54B985EB}.Release|Any CPU.ActiveCfg = Release|Any CPU
		{C468A556-417F-4445-AC72-1C7D54B985EB}.Release|Any CPU.Build.0 = Release|Any CPU
		{28525611-A7A4-4AD3-B78E-544964AEEF1B}.Debug|Any CPU.ActiveCfg = Debug|Any CPU
		{28525611-A7A4-4AD3-B78E-544964AEEF1B}.Debug|Any CPU.Build.0 = Debug|Any CPU
		{28525611-A7A4-4AD3-B78E-544964AEEF1B}.Release|Any CPU.ActiveCfg = Release|Any CPU
		{28525611-A7A4-4AD3-B78E-544964AEEF1B}.Release|Any CPU.Build.0 = Release|Any CPU
		{47109D5B-E376-4CAB-BB81-AB7A55BF85C6}.Debug|Any CPU.ActiveCfg = Debug|Any CPU
		{47109D5B-E376-4CAB-BB81-AB7A55BF85C6}.Debug|Any CPU.Build.0 = Debug|Any CPU
		{47109D5B-E376-4CAB-BB81-AB7A55BF85C6}.Release|Any CPU.ActiveCfg = Release|Any CPU
		{47109D5B-E376-4CAB-BB81-AB7A55BF85C6}.Release|Any CPU.Build.0 = Release|Any CPU
		{C7030DA3-A071-4C8B-BD88-E13604E48926}.Debug|Any CPU.ActiveCfg = Debug|Any CPU
		{C7030DA3-A071-4C8B-BD88-E13604E48926}.Debug|Any CPU.Build.0 = Debug|Any CPU
		{C7030DA3-A071-4C8B-BD88-E13604E48926}.Release|Any CPU.ActiveCfg = Release|Any CPU
		{C7030DA3-A071-4C8B-BD88-E13604E48926}.Release|Any CPU.Build.0 = Release|Any CPU
		{0F3BF8A2-2638-4FEE-818E-84678BDA8904}.Debug|Any CPU.ActiveCfg = Debug|Any CPU
		{0F3BF8A2-2638-4FEE-818E-84678BDA8904}.Debug|Any CPU.Build.0 = Debug|Any CPU
		{0F3BF8A2-2638-4FEE-818E-84678BDA8904}.Release|Any CPU.ActiveCfg = Release|Any CPU
		{0F3BF8A2-2638-4FEE-818E-84678BDA8904}.Release|Any CPU.Build.0 = Release|Any CPU
		{5A618913-F06D-4A48-A4EE-FB5BC9CEC8B7}.Debug|Any CPU.ActiveCfg = Debug|Any CPU
		{5A618913-F06D-4A48-A4EE-FB5BC9CEC8B7}.Debug|Any CPU.Build.0 = Debug|Any CPU
		{5A618913-F06D-4A48-A4EE-FB5BC9CEC8B7}.Release|Any CPU.ActiveCfg = Release|Any CPU
		{5A618913-F06D-4A48-A4EE-FB5BC9CEC8B7}.Release|Any CPU.Build.0 = Release|Any CPU
		{48039EE8-64BF-4C7B-9470-6F8AB0C82213}.Debug|Any CPU.ActiveCfg = Debug|Any CPU
		{48039EE8-64BF-4C7B-9470-6F8AB0C82213}.Debug|Any CPU.Build.0 = Debug|Any CPU
		{48039EE8-64BF-4C7B-9470-6F8AB0C82213}.Release|Any CPU.ActiveCfg = Release|Any CPU
		{48039EE8-64BF-4C7B-9470-6F8AB0C82213}.Release|Any CPU.Build.0 = Release|Any CPU
		{1FEE32AD-045F-4E7A-900B-2163CE025AE6}.Debug|Any CPU.ActiveCfg = Debug|Any CPU
		{1FEE32AD-045F-4E7A-900B-2163CE025AE6}.Debug|Any CPU.Build.0 = Debug|Any CPU
		{1FEE32AD-045F-4E7A-900B-2163CE025AE6}.Release|Any CPU.ActiveCfg = Release|Any CPU
		{1FEE32AD-045F-4E7A-900B-2163CE025AE6}.Release|Any CPU.Build.0 = Release|Any CPU
		{9200A8D8-1E8D-4FDE-943C-900C08257FBF}.Debug|Any CPU.ActiveCfg = Debug|Any CPU
		{9200A8D8-1E8D-4FDE-943C-900C08257FBF}.Debug|Any CPU.Build.0 = Debug|Any CPU
		{9200A8D8-1E8D-4FDE-943C-900C08257FBF}.Release|Any CPU.ActiveCfg = Release|Any CPU
		{9200A8D8-1E8D-4FDE-943C-900C08257FBF}.Release|Any CPU.Build.0 = Release|Any CPU
		{FD023A05-818A-4BCE-850F-7B24641EF3DB}.Debug|Any CPU.ActiveCfg = Debug|Any CPU
		{FD023A05-818A-4BCE-850F-7B24641EF3DB}.Debug|Any CPU.Build.0 = Debug|Any CPU
		{FD023A05-818A-4BCE-850F-7B24641EF3DB}.Release|Any CPU.ActiveCfg = Release|Any CPU
		{FD023A05-818A-4BCE-850F-7B24641EF3DB}.Release|Any CPU.Build.0 = Release|Any CPU
		{9AE5E401-82EC-4C21-8B45-E92680EC5C82}.Debug|Any CPU.ActiveCfg = Debug|Any CPU
		{9AE5E401-82EC-4C21-8B45-E92680EC5C82}.Debug|Any CPU.Build.0 = Debug|Any CPU
		{9AE5E401-82EC-4C21-8B45-E92680EC5C82}.Release|Any CPU.ActiveCfg = Release|Any CPU
		{9AE5E401-82EC-4C21-8B45-E92680EC5C82}.Release|Any CPU.Build.0 = Release|Any CPU
		{59E9B415-F2A5-4F4A-B0E6-5B2A73299CF9}.Debug|Any CPU.ActiveCfg = Debug|Any CPU
		{59E9B415-F2A5-4F4A-B0E6-5B2A73299CF9}.Debug|Any CPU.Build.0 = Debug|Any CPU
		{59E9B415-F2A5-4F4A-B0E6-5B2A73299CF9}.Release|Any CPU.ActiveCfg = Release|Any CPU
		{59E9B415-F2A5-4F4A-B0E6-5B2A73299CF9}.Release|Any CPU.Build.0 = Release|Any CPU
		{26364AFD-2E59-4643-BEF8-DD72F213E4F5}.Debug|Any CPU.ActiveCfg = Debug|Any CPU
		{26364AFD-2E59-4643-BEF8-DD72F213E4F5}.Debug|Any CPU.Build.0 = Debug|Any CPU
		{26364AFD-2E59-4643-BEF8-DD72F213E4F5}.Release|Any CPU.ActiveCfg = Release|Any CPU
		{26364AFD-2E59-4643-BEF8-DD72F213E4F5}.Release|Any CPU.Build.0 = Release|Any CPU
		{B8FAF36D-BF26-4877-8E45-AEA60082909E}.Debug|Any CPU.ActiveCfg = Debug|Any CPU
		{B8FAF36D-BF26-4877-8E45-AEA60082909E}.Debug|Any CPU.Build.0 = Debug|Any CPU
		{B8FAF36D-BF26-4877-8E45-AEA60082909E}.Release|Any CPU.ActiveCfg = Release|Any CPU
		{B8FAF36D-BF26-4877-8E45-AEA60082909E}.Release|Any CPU.Build.0 = Release|Any CPU
	EndGlobalSection
	GlobalSection(SolutionProperties) = preSolution
		HideSolutionNode = FALSE
	EndGlobalSection
	GlobalSection(ExtensibilityGlobals) = postSolution
		SolutionGuid = {0C62089D-9899-44DB-8801-9B1ED8AEEBED}
	EndGlobalSection
EndGlobal
